{
  "name": "jutge-problems-validator",
  "version": "1.0.0",
  "lockfileVersion": 3,
  "requires": true,
  "packages": {
    "": {
      "name": "jutge-problems-validator",
      "version": "1.0.0",
      "license": "ISC",
      "dependencies": {
        "cpp-node-analyzer": "file:../analyzer"
      }
    },
    "../analyzer": {
      "name": "cpp-node-analyzer",
      "version": "1.0.0",
      "license": "MIT",
      "dependencies": {
        "babel-plugin-module-resolver": "^5.0.0",
        "dotenv": "^16.4.5",
        "tree-sitter": "^0.20.6",
        "tree-sitter-cpp": "^0.20.3",
        "uuid": "^9.0.1"
      },
      "devDependencies": {
        "@babel/core": "^7.24.0",
        "@babel/preset-env": "^7.24.0",
        "@babel/preset-typescript": "^7.23.3",
        "@types/jest": "^29.5.12",
        "babel-jest": "^29.7.0",
        "jest": "^29.7.0",
        "prettier": "^3.2.5",
        "ts-jest": "^29.1.2",
        "ts-node": "^10.9.2",
        "tsup": "^8.0.2",
        "typescript": "^5.3.3"
      }
    },
    "node_modules/cpp-node-analyzer": {
      "resolved": "../analyzer",
      "link": true
    }
  }
}
